
Microsoft Visual Studio Solution File, Format Version 12.00
# Visual Studio Version 17
VisualStudioVersion = 17.14.36414.22
MinimumVisualStudioVersion = 10.0.40219.1
Project("{FAE04EC0-301F-11D3-BF4B-00C04F79EFBC}") = "GPSFA-WinForms", "GPSFA-WinForms\GPSFA-WinForms.csproj", "{B6D9E377-FC15-4329-AE23-D227CE5F4C3F}"
EndProject
Project("{FAE04EC0-301F-11D3-BF4B-00C04F79EFBC}") = "GPFrancisco", "..\GPFranciscoVF\GPFrancisco\GPFrancisco.csproj", "{84E6957C-604D-0E2F-9753-528179305424}"
EndProject
Global
	GlobalSection(SolutionConfigurationPlatforms) = preSolution
		Debug|Any CPU = Debug|Any CPU
		Release|Any CPU = Release|Any CPU
	EndGlobalSection
	GlobalSection(ProjectConfigurationPlatforms) = postSolution
		{B6D9E377-FC15-4329-AE23-D227CE5F4C3F}.Debug|Any CPU.ActiveCfg = Release|Any CPU
		{B6D9E377-FC15-4329-AE23-D227CE5F4C3F}.Debug|Any CPU.Build.0 = Release|Any CPU
		{B6D9E377-FC15-4329-AE23-D227CE5F4C3F}.Release|Any CPU.ActiveCfg = Release|Any CPU
		{B6D9E377-FC15-4329-AE23-D227CE5F4C3F}.Release|Any CPU.Build.0 = Release|Any CPU
		{84E6957C-604D-0E2F-9753-528179305424}.Debug|Any CPU.ActiveCfg = Debug|Any CPU
		{84E6957C-604D-0E2F-9753-528179305424}.Debug|Any CPU.Build.0 = Debug|Any CPU
		{84E6957C-604D-0E2F-9753-528179305424}.Release|Any CPU.ActiveCfg = Release|Any CPU
		{84E6957C-604D-0E2F-9753-528179305424}.Release|Any CPU.Build.0 = Release|Any CPU
	EndGlobalSection
	GlobalSection(SolutionProperties) = preSolution
		HideSolutionNode = FALSE
	EndGlobalSection
	GlobalSection(ExtensibilityGlobals) = postSolution
		SolutionGuid = {1497184C-E22B-401C-8E1A-1A3C56F67F31}
	EndGlobalSection
EndGlobal
